
Microsoft Visual Studio Solution File, Format Version 12.00
# Visual Studio Version 17
VisualStudioVersion = 17.8.34511.84
MinimumVisualStudioVersion = 10.0.40219.1
Project("{FAE04EC0-301F-11D3-BF4B-00C04F79EFBC}") = "Application-1", "Application-1\Application-1.csproj", "{AE479462-B2B2-42BF-A1DE-498F8EF0A9BA}"
EndProject
Project("{FAE04EC0-301F-11D3-BF4B-00C04F79EFBC}") = "Application-2", "Application-2\Application-2.csproj", "{FEF9080D-CCD7-49A2-A899-80B28253979C}"
EndProject
Project("{FAE04EC0-301F-11D3-BF4B-00C04F79EFBC}") = "Application-3", "Application-3\Application-3.csproj", "{4D1D49A9-32EB-4F72-8F1D-CBF92A42B7B5}"
EndProject
Global
	GlobalSection(SolutionConfigurationPlatforms) = preSolution
		Debug|Any CPU = Debug|Any CPU
		Release|Any CPU = Release|Any CPU
	EndGlobalSection
	GlobalSection(ProjectConfigurationPlatforms) = postSolution
		{AE479462-B2B2-42BF-A1DE-498F8EF0A9BA}.Debug|Any CPU.ActiveCfg = Debug|Any CPU
		{AE479462-B2B2-42BF-A1DE-498F8EF0A9BA}.Debug|Any CPU.Build.0 = Debug|Any CPU
		{AE479462-B2B2-42BF-A1DE-498F8EF0A9BA}.Release|Any CPU.ActiveCfg = Release|Any CPU
		{AE479462-B2B2-42BF-A1DE-498F8EF0A9BA}.Release|Any CPU.Build.0 = Release|Any CPU
		{FEF9080D-CCD7-49A2-A899-80B28253979C}.Debug|Any CPU.ActiveCfg = Debug|Any CPU
		{FEF9080D-CCD7-49A2-A899-80B28253979C}.Debug|Any CPU.Build.0 = Debug|Any CPU
		{FEF9080D-CCD7-49A2-A899-80B28253979C}.Release|Any CPU.ActiveCfg = Release|Any CPU
		{FEF9080D-CCD7-49A2-A899-80B28253979C}.Release|Any CPU.Build.0 = Release|Any CPU
		{4D1D49A9-32EB-4F72-8F1D-CBF92A42B7B5}.Debug|Any CPU.ActiveCfg = Debug|Any CPU
		{4D1D49A9-32EB-4F72-8F1D-CBF92A42B7B5}.Debug|Any CPU.Build.0 = Debug|Any CPU
		{4D1D49A9-32EB-4F72-8F1D-CBF92A42B7B5}.Release|Any CPU.ActiveCfg = Release|Any CPU
		{4D1D49A9-32EB-4F72-8F1D-CBF92A42B7B5}.Release|Any CPU.Build.0 = Release|Any CPU
	EndGlobalSection
	GlobalSection(SolutionProperties) = preSolution
		HideSolutionNode = FALSE
	EndGlobalSection
	GlobalSection(ExtensibilityGlobals) = postSolution
		SolutionGuid = {28E1C67E-0111-4030-ADCF-501F82E5F189}
	EndGlobalSection
EndGlobal
